schema: '2.0'
stages:
  data_ingestion:
    cmd: python src/data_ingestion.py
    deps:
    - path: src/data_ingestion.py
      hash: md5
      md5: b9820e284826db5db0636e7ee038a31d
      size: 3554
    params:
      params.yaml:
        data_ingestion.test_size: 0.25
    outs:
    - path: data/raw
      hash: md5
      md5: ea483c1ec6438ed134abbb077e6bf258.dir
      size: 479272
      nfiles: 2
  data_preprocessing:
    cmd: python src/data_preprocessing.py
    deps:
    - path: data/raw
      hash: md5
      md5: ea483c1ec6438ed134abbb077e6bf258.dir
      size: 479272
      nfiles: 2
    - path: src/data_preprocessing.py
      hash: md5
      md5: 158130fa3ada2ed96ada460b539d42e9
      size: 3864
    outs:
    - path: data/interim
      hash: md5
      md5: c101c05da7d2c3c01faa316de93a39ac.dir
      size: 256164
      nfiles: 2
  feature_engineering:
    cmd: python src/feature_engineering.py
    deps:
    - path: data/interim
      hash: md5
      md5: c101c05da7d2c3c01faa316de93a39ac.dir
      size: 256164
      nfiles: 2
    - path: src/feature_engineering.py
      hash: md5
      md5: 6d469feb9735c5992129565d92450f77
      size: 3802
    params:
      params.yaml:
        feature_engineering.max_features: 37
    outs:
    - path: data/processed
      hash: md5
      md5: d32e283fc6fc49f50b6cad97d2c8ae91.dir
      size: 879418
      nfiles: 2
  model_building:
    cmd: python src/model_building.py
    deps:
    - path: data/processed
      hash: md5
      md5: d32e283fc6fc49f50b6cad97d2c8ae91.dir
      size: 879418
      nfiles: 2
    - path: src/model_building.py
      hash: md5
      md5: 4b0f8d869397373278325e655f4e2110
      size: 4354
    params:
      params.yaml:
        model_building.n_estimators: 22
        model_building.random_state: 2
    outs:
    - path: models/model.pkl
      hash: md5
      md5: e0107b3a6f439a1a4ffde4c2061fd679
      size: 686900
  model_evaluation:
    cmd: python src/model_evaluation.py
    deps:
    - path: models/model.pkl
      hash: md5
      md5: e0107b3a6f439a1a4ffde4c2061fd679
      size: 686900
    - path: src/model_evaluation.py
      hash: md5
      md5: 9bbbc8d1268475402e005b6049a6ef78
      size: 4418
    outs:
    - path: reports/metrics.json
      hash: md5
      md5: 521d3ee0eca2fb07c17a82cb0c65446e
      size: 126
