schema: '2.0'
stages:
  data_ingestion:
    cmd: python src/data_ingestion.py
    deps:
    - path: src/data_ingestion.py
      hash: md5
      md5: b9820e284826db5db0636e7ee038a31d
      size: 3554
    params:
      params.yaml:
        data_ingestion.test_size: 0.22
    outs:
    - path: data/raw
      hash: md5
      md5: 128dfa26ed103dcb3fcbedeead3a95bf.dir
      size: 479272
      nfiles: 2
  data_preprocessing:
    cmd: python src/data_preprocessing.py
    deps:
    - path: data/raw
      hash: md5
      md5: 128dfa26ed103dcb3fcbedeead3a95bf.dir
      size: 479272
      nfiles: 2
    - path: src/data_preprocessing.py
      hash: md5
      md5: 158130fa3ada2ed96ada460b539d42e9
      size: 3864
    outs:
    - path: data/interim
      hash: md5
      md5: 6fdde6b868bd17caad6a639eceb493fb.dir
      size: 255546
      nfiles: 2
  feature_engineering:
    cmd: python src/feature_engineering.py
    deps:
    - path: data/interim
      hash: md5
      md5: 6fdde6b868bd17caad6a639eceb493fb.dir
      size: 255546
      nfiles: 2
    - path: src/feature_engineering.py
      hash: md5
      md5: 6d469feb9735c5992129565d92450f77
      size: 3802
    params:
      params.yaml:
        feature_engineering.max_features: 35
    outs:
    - path: data/processed
      hash: md5
      md5: 9b4c93f2e45af9932a84010853f2a72f.dir
      size: 831123
      nfiles: 2
  model_building:
    cmd: python src/model_building.py
    deps:
    - path: data/processed
      hash: md5
      md5: 9b4c93f2e45af9932a84010853f2a72f.dir
      size: 831123
      nfiles: 2
    - path: src/model_building.py
      hash: md5
      md5: 4b0f8d869397373278325e655f4e2110
      size: 4354
    params:
      params.yaml:
        model_building.n_estimators: 21
        model_building.random_state: 2
    outs:
    - path: models/model.pkl
      hash: md5
      md5: 1e3bbf627e0277aca88d385ff770c810
      size: 683633
  model_evaluation:
    cmd: python src/model_evaluation.py
    deps:
    - path: models/model.pkl
      hash: md5
      md5: 1e3bbf627e0277aca88d385ff770c810
      size: 683633
    - path: src/model_evaluation.py
      hash: md5
      md5: 9bbbc8d1268475402e005b6049a6ef78
      size: 4418
    outs:
    - path: reports/metrics.json
      hash: md5
      md5: f829503c5f37cec03c5230eb92f991a3
      size: 139
